// !$*UTF8*$!
{
	archiveVersion = 1;
	classes = {
	};
	objectVersion = 56;
	objects = {

/* Begin PBXBuildFile section */
		6B8E5B802C8EBE2000DAD9DD /* MoviesApp.swift in Sources */ = {isa = PBXBuildFile; fileRef = 6B8E5B7F2C8EBE2000DAD9DD /* MoviesApp.swift */; };
		6B8E5B842C8EBE2100DAD9DD /* Assets.xcassets in Resources */ = {isa = PBXBuildFile; fileRef = 6B8E5B832C8EBE2100DAD9DD /* Assets.xcassets */; };
		6B8E5B872C8EBE2100DAD9DD /* Preview Assets.xcassets in Resources */ = {isa = PBXBuildFile; fileRef = 6B8E5B862C8EBE2100DAD9DD /* Preview Assets.xcassets */; };
		6B8E5B912C8EBE2100DAD9DD /* MoviesTests.swift in Sources */ = {isa = PBXBuildFile; fileRef = 6B8E5B902C8EBE2100DAD9DD /* MoviesTests.swift */; };
		6B8E5B9B2C8EBE2100DAD9DD /* MoviesUITests.swift in Sources */ = {isa = PBXBuildFile; fileRef = 6B8E5B9A2C8EBE2100DAD9DD /* MoviesUITests.swift */; };
		6B8E5B9D2C8EBE2100DAD9DD /* MoviesUITestsLaunchTests.swift in Sources */ = {isa = PBXBuildFile; fileRef = 6B8E5B9C2C8EBE2100DAD9DD /* MoviesUITestsLaunchTests.swift */; };
		6B8E5BAF2C8EC07700DAD9DD /* MainViewModel.swift in Sources */ = {isa = PBXBuildFile; fileRef = 6B8E5BAE2C8EC07700DAD9DD /* MainViewModel.swift */; };
		6B8E5BB12C8EC0D200DAD9DD /* MainView.swift in Sources */ = {isa = PBXBuildFile; fileRef = 6B8E5BB02C8EC0D200DAD9DD /* MainView.swift */; };
		6B8E5BB32C8EC1F400DAD9DD /* MovieDetailsView.swift in Sources */ = {isa = PBXBuildFile; fileRef = 6B8E5BB22C8EC1F400DAD9DD /* MovieDetailsView.swift */; };
		6B8E5BB52C8EC24D00DAD9DD /* DataService.swift in Sources */ = {isa = PBXBuildFile; fileRef = 6B8E5BB42C8EC24D00DAD9DD /* DataService.swift */; };
		6B8E5BB72C8EC29200DAD9DD /* NetworkingError.swift in Sources */ = {isa = PBXBuildFile; fileRef = 6B8E5BB62C8EC29200DAD9DD /* NetworkingError.swift */; };
		6B8E5BB92C8EC2B800DAD9DD /* Region.swift in Sources */ = {isa = PBXBuildFile; fileRef = 6B8E5BB82C8EC2B800DAD9DD /* Region.swift */; };
		6B8E5BBB2C8EC2D500DAD9DD /* Language.swift in Sources */ = {isa = PBXBuildFile; fileRef = 6B8E5BBA2C8EC2D500DAD9DD /* Language.swift */; };
		6B8E5BBD2C8EC30E00DAD9DD /* MoviesDataType.swift in Sources */ = {isa = PBXBuildFile; fileRef = 6B8E5BBC2C8EC30E00DAD9DD /* MoviesDataType.swift */; };
		6B8E5BBF2C8EC33900DAD9DD /* Movie.swift in Sources */ = {isa = PBXBuildFile; fileRef = 6B8E5BBE2C8EC33900DAD9DD /* Movie.swift */; };
		6B8E5BC12C8EC37B00DAD9DD /* Movies.swift in Sources */ = {isa = PBXBuildFile; fileRef = 6B8E5BC02C8EC37B00DAD9DD /* Movies.swift */; };
		6B8E5BC32C8EC45800DAD9DD /* DataLoadingView.swift in Sources */ = {isa = PBXBuildFile; fileRef = 6B8E5BC22C8EC45800DAD9DD /* DataLoadingView.swift */; };
		6B8E5BC52C8EC48000DAD9DD /* PosterImageView.swift in Sources */ = {isa = PBXBuildFile; fileRef = 6B8E5BC42C8EC48000DAD9DD /* PosterImageView.swift */; };
		6B8E5BC72C8EC4C300DAD9DD /* Strings.swift in Sources */ = {isa = PBXBuildFile; fileRef = 6B8E5BC62C8EC4C300DAD9DD /* Strings.swift */; };
		6B8E5BC92C8EC4F300DAD9DD /* Colors.xcassets in Resources */ = {isa = PBXBuildFile; fileRef = 6B8E5BC82C8EC4F300DAD9DD /* Colors.xcassets */; };
		6B8E5BCB2C8F5DAD00DAD9DD /* Logger.swift in Sources */ = {isa = PBXBuildFile; fileRef = 6B8E5BCA2C8F5DAD00DAD9DD /* Logger.swift */; };
/* End PBXBuildFile section */

/* Begin PBXContainerItemProxy section */
		6B8E5B8D2C8EBE2100DAD9DD /* PBXContainerItemProxy */ = {
			isa = PBXContainerItemProxy;
			containerPortal = 6B8E5B742C8EBE2000DAD9DD /* Project object */;
			proxyType = 1;
			remoteGlobalIDString = 6B8E5B7B2C8EBE2000DAD9DD;
			remoteInfo = Movies;
		};
		6B8E5B972C8EBE2100DAD9DD /* PBXContainerItemProxy */ = {
			isa = PBXContainerItemProxy;
			containerPortal = 6B8E5B742C8EBE2000DAD9DD /* Project object */;
			proxyType = 1;
			remoteGlobalIDString = 6B8E5B7B2C8EBE2000DAD9DD;
			remoteInfo = Movies;
		};
/* End PBXContainerItemProxy section */

/* Begin PBXFileReference section */
		6B8E5B7C2C8EBE2000DAD9DD /* Movies.app */ = {isa = PBXFileReference; explicitFileType = wrapper.application; includeInIndex = 0; path = Movies.app; sourceTree = BUILT_PRODUCTS_DIR; };
		6B8E5B7F2C8EBE2000DAD9DD /* MoviesApp.swift */ = {isa = PBXFileReference; lastKnownFileType = sourcecode.swift; path = MoviesApp.swift; sourceTree = "<group>"; };
		6B8E5B832C8EBE2100DAD9DD /* Assets.xcassets */ = {isa = PBXFileReference; lastKnownFileType = folder.assetcatalog; path = Assets.xcassets; sourceTree = "<group>"; };
		6B8E5B862C8EBE2100DAD9DD /* Preview Assets.xcassets */ = {isa = PBXFileReference; lastKnownFileType = folder.assetcatalog; path = "Preview Assets.xcassets"; sourceTree = "<group>"; };
		6B8E5B8C2C8EBE2100DAD9DD /* MoviesTests.xctest */ = {isa = PBXFileReference; explicitFileType = wrapper.cfbundle; includeInIndex = 0; path = MoviesTests.xctest; sourceTree = BUILT_PRODUCTS_DIR; };
		6B8E5B902C8EBE2100DAD9DD /* MoviesTests.swift */ = {isa = PBXFileReference; lastKnownFileType = sourcecode.swift; path = MoviesTests.swift; sourceTree = "<group>"; };
		6B8E5B962C8EBE2100DAD9DD /* MoviesUITests.xctest */ = {isa = PBXFileReference; explicitFileType = wrapper.cfbundle; includeInIndex = 0; path = MoviesUITests.xctest; sourceTree = BUILT_PRODUCTS_DIR; };
		6B8E5B9A2C8EBE2100DAD9DD /* MoviesUITests.swift */ = {isa = PBXFileReference; lastKnownFileType = sourcecode.swift; path = MoviesUITests.swift; sourceTree = "<group>"; };
		6B8E5B9C2C8EBE2100DAD9DD /* MoviesUITestsLaunchTests.swift */ = {isa = PBXFileReference; lastKnownFileType = sourcecode.swift; path = MoviesUITestsLaunchTests.swift; sourceTree = "<group>"; };
		6B8E5BAE2C8EC07700DAD9DD /* MainViewModel.swift */ = {isa = PBXFileReference; lastKnownFileType = sourcecode.swift; path = MainViewModel.swift; sourceTree = "<group>"; };
		6B8E5BB02C8EC0D200DAD9DD /* MainView.swift */ = {isa = PBXFileReference; lastKnownFileType = sourcecode.swift; path = MainView.swift; sourceTree = "<group>"; };
		6B8E5BB22C8EC1F400DAD9DD /* MovieDetailsView.swift */ = {isa = PBXFileReference; lastKnownFileType = sourcecode.swift; path = MovieDetailsView.swift; sourceTree = "<group>"; };
		6B8E5BB42C8EC24D00DAD9DD /* DataService.swift */ = {isa = PBXFileReference; lastKnownFileType = sourcecode.swift; path = DataService.swift; sourceTree = "<group>"; };
		6B8E5BB62C8EC29200DAD9DD /* NetworkingError.swift */ = {isa = PBXFileReference; lastKnownFileType = sourcecode.swift; path = NetworkingError.swift; sourceTree = "<group>"; };
		6B8E5BB82C8EC2B800DAD9DD /* Region.swift */ = {isa = PBXFileReference; lastKnownFileType = sourcecode.swift; path = Region.swift; sourceTree = "<group>"; };
		6B8E5BBA2C8EC2D500DAD9DD /* Language.swift */ = {isa = PBXFileReference; lastKnownFileType = sourcecode.swift; path = Language.swift; sourceTree = "<group>"; };
		6B8E5BBC2C8EC30E00DAD9DD /* MoviesDataType.swift */ = {isa = PBXFileReference; lastKnownFileType = sourcecode.swift; path = MoviesDataType.swift; sourceTree = "<group>"; };
		6B8E5BBE2C8EC33900DAD9DD /* Movie.swift */ = {isa = PBXFileReference; lastKnownFileType = sourcecode.swift; path = Movie.swift; sourceTree = "<group>"; };
		6B8E5BC02C8EC37B00DAD9DD /* Movies.swift */ = {isa = PBXFileReference; lastKnownFileType = sourcecode.swift; path = Movies.swift; sourceTree = "<group>"; };
		6B8E5BC22C8EC45800DAD9DD /* DataLoadingView.swift */ = {isa = PBXFileReference; lastKnownFileType = sourcecode.swift; path = DataLoadingView.swift; sourceTree = "<group>"; };
		6B8E5BC42C8EC48000DAD9DD /* PosterImageView.swift */ = {isa = PBXFileReference; lastKnownFileType = sourcecode.swift; path = PosterImageView.swift; sourceTree = "<group>"; };
		6B8E5BC62C8EC4C300DAD9DD /* Strings.swift */ = {isa = PBXFileReference; lastKnownFileType = sourcecode.swift; path = Strings.swift; sourceTree = "<group>"; };
		6B8E5BC82C8EC4F300DAD9DD /* Colors.xcassets */ = {isa = PBXFileReference; lastKnownFileType = folder.assetcatalog; path = Colors.xcassets; sourceTree = "<group>"; };
		6B8E5BCA2C8F5DAD00DAD9DD /* Logger.swift */ = {isa = PBXFileReference; lastKnownFileType = sourcecode.swift; path = Logger.swift; sourceTree = "<group>"; };
/* End PBXFileReference section */

/* Begin PBXFrameworksBuildPhase section */
		6B8E5B792C8EBE2000DAD9DD /* Frameworks */ = {
			isa = PBXFrameworksBuildPhase;
			buildActionMask = 2147483647;
			files = (
			);
			runOnlyForDeploymentPostprocessing = 0;
		};
		6B8E5B892C8EBE2100DAD9DD /* Frameworks */ = {
			isa = PBXFrameworksBuildPhase;
			buildActionMask = 2147483647;
			files = (
			);
			runOnlyForDeploymentPostprocessing = 0;
		};
		6B8E5B932C8EBE2100DAD9DD /* Frameworks */ = {
			isa = PBXFrameworksBuildPhase;
			buildActionMask = 2147483647;
			files = (
			);
			runOnlyForDeploymentPostprocessing = 0;
		};
/* End PBXFrameworksBuildPhase section */

/* Begin PBXGroup section */
		6B8E5B732C8EBE2000DAD9DD = {
			isa = PBXGroup;
			children = (
				6B8E5B7E2C8EBE2000DAD9DD /* Movies */,
				6B8E5B8F2C8EBE2100DAD9DD /* MoviesTests */,
				6B8E5B992C8EBE2100DAD9DD /* MoviesUITests */,
				6B8E5B7D2C8EBE2000DAD9DD /* Products */,
			);
			sourceTree = "<group>";
		};
		6B8E5B7D2C8EBE2000DAD9DD /* Products */ = {
			isa = PBXGroup;
			children = (
				6B8E5B7C2C8EBE2000DAD9DD /* Movies.app */,
				6B8E5B8C2C8EBE2100DAD9DD /* MoviesTests.xctest */,
				6B8E5B962C8EBE2100DAD9DD /* MoviesUITests.xctest */,
			);
			name = Products;
			sourceTree = "<group>";
		};
		6B8E5B7E2C8EBE2000DAD9DD /* Movies */ = {
			isa = PBXGroup;
			children = (
				6B8E5B7F2C8EBE2000DAD9DD /* MoviesApp.swift */,
				6B8E5BA92C8EBF6100DAD9DD /* Views */,
				6B8E5BAA2C8EBF8000DAD9DD /* UI Components */,
				6B8E5BAB2C8EBF8F00DAD9DD /* Services */,
				6B8E5BAC2C8EBF9D00DAD9DD /* Models */,
				6B8E5BAD2C8EBFAD00DAD9DD /* Resources */,
				6B8E5B852C8EBE2100DAD9DD /* Preview Content */,
			);
			path = Movies;
			sourceTree = "<group>";
		};
		6B8E5B852C8EBE2100DAD9DD /* Preview Content */ = {
			isa = PBXGroup;
			children = (
				6B8E5B862C8EBE2100DAD9DD /* Preview Assets.xcassets */,
			);
			path = "Preview Content";
			sourceTree = "<group>";
		};
		6B8E5B8F2C8EBE2100DAD9DD /* MoviesTests */ = {
			isa = PBXGroup;
			children = (
				6B8E5B902C8EBE2100DAD9DD /* MoviesTests.swift */,
			);
			path = MoviesTests;
			sourceTree = "<group>";
		};
		6B8E5B992C8EBE2100DAD9DD /* MoviesUITests */ = {
			isa = PBXGroup;
			children = (
				6B8E5B9A2C8EBE2100DAD9DD /* MoviesUITests.swift */,
				6B8E5B9C2C8EBE2100DAD9DD /* MoviesUITestsLaunchTests.swift */,
			);
			path = MoviesUITests;
			sourceTree = "<group>";
		};
		6B8E5BA92C8EBF6100DAD9DD /* Views */ = {
			isa = PBXGroup;
			children = (
				6B8E5BAE2C8EC07700DAD9DD /* MainViewModel.swift */,
				6B8E5BB02C8EC0D200DAD9DD /* MainView.swift */,
				6B8E5BB22C8EC1F400DAD9DD /* MovieDetailsView.swift */,
			);
			path = Views;
			sourceTree = "<group>";
		};
		6B8E5BAA2C8EBF8000DAD9DD /* UI Components */ = {
			isa = PBXGroup;
			children = (
				6B8E5BC22C8EC45800DAD9DD /* DataLoadingView.swift */,
				6B8E5BC42C8EC48000DAD9DD /* PosterImageView.swift */,
			);
			path = "UI Components";
			sourceTree = "<group>";
		};
		6B8E5BAB2C8EBF8F00DAD9DD /* Services */ = {
			isa = PBXGroup;
			children = (
				6B8E5BB42C8EC24D00DAD9DD /* DataService.swift */,
				6B8E5BCA2C8F5DAD00DAD9DD /* Logger.swift */,
			);
			path = Services;
			sourceTree = "<group>";
		};
		6B8E5BAC2C8EBF9D00DAD9DD /* Models */ = {
			isa = PBXGroup;
			children = (
				6B8E5BBA2C8EC2D500DAD9DD /* Language.swift */,
				6B8E5BBE2C8EC33900DAD9DD /* Movie.swift */,
				6B8E5BC02C8EC37B00DAD9DD /* Movies.swift */,
				6B8E5BBC2C8EC30E00DAD9DD /* MoviesDataType.swift */,
				6B8E5BB62C8EC29200DAD9DD /* NetworkingError.swift */,
				6B8E5BB82C8EC2B800DAD9DD /* Region.swift */,
			);
			path = Models;
			sourceTree = "<group>";
		};
		6B8E5BAD2C8EBFAD00DAD9DD /* Resources */ = {
			isa = PBXGroup;
			children = (
				6B8E5B832C8EBE2100DAD9DD /* Assets.xcassets */,
				6B8E5BC82C8EC4F300DAD9DD /* Colors.xcassets */,
				6B8E5BC62C8EC4C300DAD9DD /* Strings.swift */,
			);
			path = Resources;
			sourceTree = "<group>";
		};
/* End PBXGroup section */

/* Begin PBXNativeTarget section */
		6B8E5B7B2C8EBE2000DAD9DD /* Movies */ = {
			isa = PBXNativeTarget;
			buildConfigurationList = 6B8E5BA02C8EBE2100DAD9DD /* Build configuration list for PBXNativeTarget "Movies" */;
			buildPhases = (
				6B8E5B782C8EBE2000DAD9DD /* Sources */,
				6B8E5B792C8EBE2000DAD9DD /* Frameworks */,
				6B8E5B7A2C8EBE2000DAD9DD /* Resources */,
			);
			buildRules = (
			);
			dependencies = (
			);
			name = Movies;
			productName = Movies;
			productReference = 6B8E5B7C2C8EBE2000DAD9DD /* Movies.app */;
			productType = "com.apple.product-type.application";
		};
		6B8E5B8B2C8EBE2100DAD9DD /* MoviesTests */ = {
			isa = PBXNativeTarget;
			buildConfigurationList = 6B8E5BA32C8EBE2100DAD9DD /* Build configuration list for PBXNativeTarget "MoviesTests" */;
			buildPhases = (
				6B8E5B882C8EBE2100DAD9DD /* Sources */,
				6B8E5B892C8EBE2100DAD9DD /* Frameworks */,
				6B8E5B8A2C8EBE2100DAD9DD /* Resources */,
			);
			buildRules = (
			);
			dependencies = (
				6B8E5B8E2C8EBE2100DAD9DD /* PBXTargetDependency */,
			);
			name = MoviesTests;
			productName = MoviesTests;
			productReference = 6B8E5B8C2C8EBE2100DAD9DD /* MoviesTests.xctest */;
			productType = "com.apple.product-type.bundle.unit-test";
		};
		6B8E5B952C8EBE2100DAD9DD /* MoviesUITests */ = {
			isa = PBXNativeTarget;
			buildConfigurationList = 6B8E5BA62C8EBE2100DAD9DD /* Build configuration list for PBXNativeTarget "MoviesUITests" */;
			buildPhases = (
				6B8E5B922C8EBE2100DAD9DD /* Sources */,
				6B8E5B932C8EBE2100DAD9DD /* Frameworks */,
				6B8E5B942C8EBE2100DAD9DD /* Resources */,
			);
			buildRules = (
			);
			dependencies = (
				6B8E5B982C8EBE2100DAD9DD /* PBXTargetDependency */,
			);
			name = MoviesUITests;
			productName = MoviesUITests;
			productReference = 6B8E5B962C8EBE2100DAD9DD /* MoviesUITests.xctest */;
			productType = "com.apple.product-type.bundle.ui-testing";
		};
/* End PBXNativeTarget section */

/* Begin PBXProject section */
		6B8E5B742C8EBE2000DAD9DD /* Project object */ = {
			isa = PBXProject;
			attributes = {
				BuildIndependentTargetsInParallel = 1;
				LastSwiftUpdateCheck = 1540;
				LastUpgradeCheck = 1540;
				TargetAttributes = {
					6B8E5B7B2C8EBE2000DAD9DD = {
						CreatedOnToolsVersion = 15.4;
					};
					6B8E5B8B2C8EBE2100DAD9DD = {
						CreatedOnToolsVersion = 15.4;
						TestTargetID = 6B8E5B7B2C8EBE2000DAD9DD;
					};
					6B8E5B952C8EBE2100DAD9DD = {
						CreatedOnToolsVersion = 15.4;
						TestTargetID = 6B8E5B7B2C8EBE2000DAD9DD;
					};
				};
			};
			buildConfigurationList = 6B8E5B772C8EBE2000DAD9DD /* Build configuration list for PBXProject "Movies" */;
			compatibilityVersion = "Xcode 14.0";
			developmentRegion = en;
			hasScannedForEncodings = 0;
			knownRegions = (
				en,
				Base,
			);
			mainGroup = 6B8E5B732C8EBE2000DAD9DD;
			productRefGroup = 6B8E5B7D2C8EBE2000DAD9DD /* Products */;
			projectDirPath = "";
			projectRoot = "";
			targets = (
				6B8E5B7B2C8EBE2000DAD9DD /* Movies */,
				6B8E5B8B2C8EBE2100DAD9DD /* MoviesTests */,
				6B8E5B952C8EBE2100DAD9DD /* MoviesUITests */,
			);
		};
/* End PBXProject section */

/* Begin PBXResourcesBuildPhase section */
		6B8E5B7A2C8EBE2000DAD9DD /* Resources */ = {
			isa = PBXResourcesBuildPhase;
			buildActionMask = 2147483647;
			files = (
				6B8E5BC92C8EC4F300DAD9DD /* Colors.xcassets in Resources */,
				6B8E5B872C8EBE2100DAD9DD /* Preview Assets.xcassets in Resources */,
				6B8E5B842C8EBE2100DAD9DD /* Assets.xcassets in Resources */,
			);
			runOnlyForDeploymentPostprocessing = 0;
		};
		6B8E5B8A2C8EBE2100DAD9DD /* Resources */ = {
			isa = PBXResourcesBuildPhase;
			buildActionMask = 2147483647;
			files = (
			);
			runOnlyForDeploymentPostprocessing = 0;
		};
		6B8E5B942C8EBE2100DAD9DD /* Resources */ = {
			isa = PBXResourcesBuildPhase;
			buildActionMask = 2147483647;
			files = (
			);
			runOnlyForDeploymentPostprocessing = 0;
		};
/* End PBXResourcesBuildPhase section */

/* Begin PBXSourcesBuildPhase section */
		6B8E5B782C8EBE2000DAD9DD /* Sources */ = {
			isa = PBXSourcesBuildPhase;
			buildActionMask = 2147483647;
			files = (
				6B8E5BB12C8EC0D200DAD9DD /* MainView.swift in Sources */,
				6B8E5BC12C8EC37B00DAD9DD /* Movies.swift in Sources */,
				6B8E5B802C8EBE2000DAD9DD /* MoviesApp.swift in Sources */,
				6B8E5BBD2C8EC30E00DAD9DD /* MoviesDataType.swift in Sources */,
				6B8E5BB32C8EC1F400DAD9DD /* MovieDetailsView.swift in Sources */,
				6B8E5BBF2C8EC33900DAD9DD /* Movie.swift in Sources */,
				6B8E5BC72C8EC4C300DAD9DD /* Strings.swift in Sources */,
				6B8E5BAF2C8EC07700DAD9DD /* MainViewModel.swift in Sources */,
				6B8E5BC32C8EC45800DAD9DD /* DataLoadingView.swift in Sources */,
				6B8E5BB92C8EC2B800DAD9DD /* Region.swift in Sources */,
				6B8E5BCB2C8F5DAD00DAD9DD /* Logger.swift in Sources */,
				6B8E5BBB2C8EC2D500DAD9DD /* Language.swift in Sources */,
				6B8E5BB72C8EC29200DAD9DD /* NetworkingError.swift in Sources */,
				6B8E5BC52C8EC48000DAD9DD /* PosterImageView.swift in Sources */,
				6B8E5BB52C8EC24D00DAD9DD /* DataService.swift in Sources */,
			);
			runOnlyForDeploymentPostprocessing = 0;
		};
		6B8E5B882C8EBE2100DAD9DD /* Sources */ = {
			isa = PBXSourcesBuildPhase;
			buildActionMask = 2147483647;
			files = (
				6B8E5B912C8EBE2100DAD9DD /* MoviesTests.swift in Sources */,
			);
			runOnlyForDeploymentPostprocessing = 0;
		};
		6B8E5B922C8EBE2100DAD9DD /* Sources */ = {
			isa = PBXSourcesBuildPhase;
			buildActionMask = 2147483647;
			files = (
				6B8E5B9B2C8EBE2100DAD9DD /* MoviesUITests.swift in Sources */,
				6B8E5B9D2C8EBE2100DAD9DD /* MoviesUITestsLaunchTests.swift in Sources */,
			);
			runOnlyForDeploymentPostprocessing = 0;
		};
/* End PBXSourcesBuildPhase section */

/* Begin PBXTargetDependency section */
		6B8E5B8E2C8EBE2100DAD9DD /* PBXTargetDependency */ = {
			isa = PBXTargetDependency;
			target = 6B8E5B7B2C8EBE2000DAD9DD /* Movies */;
			targetProxy = 6B8E5B8D2C8EBE2100DAD9DD /* PBXContainerItemProxy */;
		};
		6B8E5B982C8EBE2100DAD9DD /* PBXTargetDependency */ = {
			isa = PBXTargetDependency;
			target = 6B8E5B7B2C8EBE2000DAD9DD /* Movies */;
			targetProxy = 6B8E5B972C8EBE2100DAD9DD /* PBXContainerItemProxy */;
		};
/* End PBXTargetDependency section */

/* Begin XCBuildConfiguration section */
		6B8E5B9E2C8EBE2100DAD9DD /* Debug */ = {
			isa = XCBuildConfiguration;
			buildSettings = {
				ALWAYS_SEARCH_USER_PATHS = NO;
				ASSETCATALOG_COMPILER_GENERATE_SWIFT_ASSET_SYMBOL_EXTENSIONS = YES;
				CLANG_ANALYZER_NONNULL = YES;
				CLANG_ANALYZER_NUMBER_OBJECT_CONVERSION = YES_AGGRESSIVE;
				CLANG_CXX_LANGUAGE_STANDARD = "gnu++20";
				CLANG_ENABLE_MODULES = YES;
				CLANG_ENABLE_OBJC_ARC = YES;
				CLANG_ENABLE_OBJC_WEAK = YES;
				CLANG_WARN_BLOCK_CAPTURE_AUTORELEASING = YES;
				CLANG_WARN_BOOL_CONVERSION = YES;
				CLANG_WARN_COMMA = YES;
				CLANG_WARN_CONSTANT_CONVERSION = YES;
				CLANG_WARN_DEPRECATED_OBJC_IMPLEMENTATIONS = YES;
				CLANG_WARN_DIRECT_OBJC_ISA_USAGE = YES_ERROR;
				CLANG_WARN_DOCUMENTATION_COMMENTS = YES;
				CLANG_WARN_EMPTY_BODY = YES;
				CLANG_WARN_ENUM_CONVERSION = YES;
				CLANG_WARN_INFINITE_RECURSION = YES;
				CLANG_WARN_INT_CONVERSION = YES;
				CLANG_WARN_NON_LITERAL_NULL_CONVERSION = YES;
				CLANG_WARN_OBJC_IMPLICIT_RETAIN_SELF = YES;
				CLANG_WARN_OBJC_LITERAL_CONVERSION = YES;
				CLANG_WARN_OBJC_ROOT_CLASS = YES_ERROR;
				CLANG_WARN_QUOTED_INCLUDE_IN_FRAMEWORK_HEADER = YES;
				CLANG_WARN_RANGE_LOOP_ANALYSIS = YES;
				CLANG_WARN_STRICT_PROTOTYPES = YES;
				CLANG_WARN_SUSPICIOUS_MOVE = YES;
				CLANG_WARN_UNGUARDED_AVAILABILITY = YES_AGGRESSIVE;
				CLANG_WARN_UNREACHABLE_CODE = YES;
				CLANG_WARN__DUPLICATE_METHOD_MATCH = YES;
				COPY_PHASE_STRIP = NO;
				DEBUG_INFORMATION_FORMAT = dwarf;
				ENABLE_STRICT_OBJC_MSGSEND = YES;
				ENABLE_TESTABILITY = YES;
				ENABLE_USER_SCRIPT_SANDBOXING = YES;
				GCC_C_LANGUAGE_STANDARD = gnu17;
				GCC_DYNAMIC_NO_PIC = NO;
				GCC_NO_COMMON_BLOCKS = YES;
				GCC_OPTIMIZATION_LEVEL = 0;
				GCC_PREPROCESSOR_DEFINITIONS = (
					"DEBUG=1",
					"$(inherited)",
				);
				GCC_WARN_64_TO_32_BIT_CONVERSION = YES;
				GCC_WARN_ABOUT_RETURN_TYPE = YES_ERROR;
				GCC_WARN_UNDECLARED_SELECTOR = YES;
				GCC_WARN_UNINITIALIZED_AUTOS = YES_AGGRESSIVE;
				GCC_WARN_UNUSED_FUNCTION = YES;
				GCC_WARN_UNUSED_VARIABLE = YES;
				IPHONEOS_DEPLOYMENT_TARGET = 17.5;
				LOCALIZATION_PREFERS_STRING_CATALOGS = YES;
				MTL_ENABLE_DEBUG_INFO = INCLUDE_SOURCE;
				MTL_FAST_MATH = YES;
				ONLY_ACTIVE_ARCH = YES;
				SDKROOT = iphoneos;
				SWIFT_ACTIVE_COMPILATION_CONDITIONS = "DEBUG $(inherited)";
				SWIFT_OPTIMIZATION_LEVEL = "-Onone";
			};
			name = Debug;
		};
		6B8E5B9F2C8EBE2100DAD9DD /* Release */ = {
			isa = XCBuildConfiguration;
			buildSettings = {
				ALWAYS_SEARCH_USER_PATHS = NO;
				ASSETCATALOG_COMPILER_GENERATE_SWIFT_ASSET_SYMBOL_EXTENSIONS = YES;
				CLANG_ANALYZER_NONNULL = YES;
				CLANG_ANALYZER_NUMBER_OBJECT_CONVERSION = YES_AGGRESSIVE;
				CLANG_CXX_LANGUAGE_STANDARD = "gnu++20";
				CLANG_ENABLE_MODULES = YES;
				CLANG_ENABLE_OBJC_ARC = YES;
				CLANG_ENABLE_OBJC_WEAK = YES;
				CLANG_WARN_BLOCK_CAPTURE_AUTORELEASING = YES;
				CLANG_WARN_BOOL_CONVERSION = YES;
				CLANG_WARN_COMMA = YES;
				CLANG_WARN_CONSTANT_CONVERSION = YES;
				CLANG_WARN_DEPRECATED_OBJC_IMPLEMENTATIONS = YES;
				CLANG_WARN_DIRECT_OBJC_ISA_USAGE = YES_ERROR;
				CLANG_WARN_DOCUMENTATION_COMMENTS = YES;
				CLANG_WARN_EMPTY_BODY = YES;
				CLANG_WARN_ENUM_CONVERSION = YES;
				CLANG_WARN_INFINITE_RECURSION = YES;
				CLANG_WARN_INT_CONVERSION = YES;
				CLANG_WARN_NON_LITERAL_NULL_CONVERSION = YES;
				CLANG_WARN_OBJC_IMPLICIT_RETAIN_SELF = YES;
				CLANG_WARN_OBJC_LITERAL_CONVERSION = YES;
				CLANG_WARN_OBJC_ROOT_CLASS = YES_ERROR;
				CLANG_WARN_QUOTED_INCLUDE_IN_FRAMEWORK_HEADER = YES;
				CLANG_WARN_RANGE_LOOP_ANALYSIS = YES;
				CLANG_WARN_STRICT_PROTOTYPES = YES;
				CLANG_WARN_SUSPICIOUS_MOVE = YES;
				CLANG_WARN_UNGUARDED_AVAILABILITY = YES_AGGRESSIVE;
				CLANG_WARN_UNREACHABLE_CODE = YES;
				CLANG_WARN__DUPLICATE_METHOD_MATCH = YES;
				COPY_PHASE_STRIP = NO;
				DEBUG_INFORMATION_FORMAT = "dwarf-with-dsym";
				ENABLE_NS_ASSERTIONS = NO;
				ENABLE_STRICT_OBJC_MSGSEND = YES;
				ENABLE_USER_SCRIPT_SANDBOXING = YES;
				GCC_C_LANGUAGE_STANDARD = gnu17;
				GCC_NO_COMMON_BLOCKS = YES;
				GCC_WARN_64_TO_32_BIT_CONVERSION = YES;
				GCC_WARN_ABOUT_RETURN_TYPE = YES_ERROR;
				GCC_WARN_UNDECLARED_SELECTOR = YES;
				GCC_WARN_UNINITIALIZED_AUTOS = YES_AGGRESSIVE;
				GCC_WARN_UNUSED_FUNCTION = YES;
				GCC_WARN_UNUSED_VARIABLE = YES;
				IPHONEOS_DEPLOYMENT_TARGET = 17.5;
				LOCALIZATION_PREFERS_STRING_CATALOGS = YES;
				MTL_ENABLE_DEBUG_INFO = NO;
				MTL_FAST_MATH = YES;
				SDKROOT = iphoneos;
				SWIFT_COMPILATION_MODE = wholemodule;
				VALIDATE_PRODUCT = YES;
			};
			name = Release;
		};
		6B8E5BA12C8EBE2100DAD9DD /* Debug */ = {
			isa = XCBuildConfiguration;
			buildSettings = {
				ASSETCATALOG_COMPILER_APPICON_NAME = AppIcon;
				ASSETCATALOG_COMPILER_GLOBAL_ACCENT_COLOR_NAME = AccentColor;
				CODE_SIGN_STYLE = Automatic;
				CURRENT_PROJECT_VERSION = 1;
				DEVELOPMENT_ASSET_PATHS = "\"Movies/Preview Content\"";
				DEVELOPMENT_TEAM = 2UGBQYC9Y9;
				ENABLE_PREVIEWS = YES;
				GENERATE_INFOPLIST_FILE = YES;
				INFOPLIST_KEY_UIApplicationSceneManifest_Generation = YES;
				INFOPLIST_KEY_UIApplicationSupportsIndirectInputEvents = YES;
				INFOPLIST_KEY_UILaunchScreen_Generation = YES;
				INFOPLIST_KEY_UISupportedInterfaceOrientations = UIInterfaceOrientationPortrait;
				INFOPLIST_KEY_UISupportedInterfaceOrientations_iPad = "UIInterfaceOrientationLandscapeLeft UIInterfaceOrientationLandscapeRight UIInterfaceOrientationPortrait UIInterfaceOrientationPortraitUpsideDown";
				IPHONEOS_DEPLOYMENT_TARGET = 15.6;
				LD_RUNPATH_SEARCH_PATHS = (
					"$(inherited)",
					"@executable_path/Frameworks",
				);
				MARKETING_VERSION = 1.0;
				PRODUCT_BUNDLE_IDENTIFIER = kl.Movies;
				PRODUCT_NAME = "$(TARGET_NAME)";
				SUPPORTED_PLATFORMS = "iphoneos iphonesimulator";
				SUPPORTS_MACCATALYST = NO;
				SWIFT_EMIT_LOC_STRINGS = YES;
				SWIFT_VERSION = 5.0;
				TARGETED_DEVICE_FAMILY = 1;
			};
			name = Debug;
		};
		6B8E5BA22C8EBE2100DAD9DD /* Release */ = {
			isa = XCBuildConfiguration;
			buildSettings = {
				ASSETCATALOG_COMPILER_APPICON_NAME = AppIcon;
				ASSETCATALOG_COMPILER_GLOBAL_ACCENT_COLOR_NAME = AccentColor;
				CODE_SIGN_STYLE = Automatic;
				CURRENT_PROJECT_VERSION = 1;
				DEVELOPMENT_ASSET_PATHS = "\"Movies/Preview Content\"";
				DEVELOPMENT_TEAM = 2UGBQYC9Y9;
				ENABLE_PREVIEWS = YES;
				GENERATE_INFOPLIST_FILE = YES;
				INFOPLIST_KEY_UIApplicationSceneManifest_Generation = YES;
				INFOPLIST_KEY_UIApplicationSupportsIndirectInputEvents = YES;
				INFOPLIST_KEY_UILaunchScreen_Generation = YES;
				INFOPLIST_KEY_UISupportedInterfaceOrientations = UIInterfaceOrientationPortrait;
				INFOPLIST_KEY_UISupportedInterfaceOrientations_iPad = "UIInterfaceOrientationLandscapeLeft UIInterfaceOrientationLandscapeRight UIInterfaceOrientationPortrait UIInterfaceOrientationPortraitUpsideDown";
				IPHONEOS_DEPLOYMENT_TARGET = 15.6;
				LD_RUNPATH_SEARCH_PATHS = (
					"$(inherited)",
					"@executable_path/Frameworks",
				);
				MARKETING_VERSION = 1.0;
				PRODUCT_BUNDLE_IDENTIFIER = kl.Movies;
				PRODUCT_NAME = "$(TARGET_NAME)";
				SUPPORTED_PLATFORMS = "iphoneos iphonesimulator";
				SUPPORTS_MACCATALYST = NO;
				SWIFT_EMIT_LOC_STRINGS = YES;
				SWIFT_VERSION = 5.0;
				TARGETED_DEVICE_FAMILY = 1;
			};
			name = Release;
		};
		6B8E5BA42C8EBE2100DAD9DD /* Debug */ = {
			isa = XCBuildConfiguration;
			buildSettings = {
				ALWAYS_EMBED_SWIFT_STANDARD_LIBRARIES = YES;
				BUNDLE_LOADER = "$(TEST_HOST)";
				CODE_SIGN_STYLE = Automatic;
				CURRENT_PROJECT_VERSION = 1;
				DEVELOPMENT_TEAM = 2UGBQYC9Y9;
				GENERATE_INFOPLIST_FILE = YES;
				IPHONEOS_DEPLOYMENT_TARGET = 17.5;
				MARKETING_VERSION = 1.0;
				PRODUCT_BUNDLE_IDENTIFIER = kl.MoviesTests;
				PRODUCT_NAME = "$(TARGET_NAME)";
				SWIFT_EMIT_LOC_STRINGS = NO;
				SWIFT_VERSION = 5.0;
				TARGETED_DEVICE_FAMILY = "1,2";
				TEST_HOST = "$(BUILT_PRODUCTS_DIR)/Movies.app/$(BUNDLE_EXECUTABLE_FOLDER_PATH)/Movies";
			};
			name = Debug;
		};
		6B8E5BA52C8EBE2100DAD9DD /* Release */ = {
			isa = XCBuildConfiguration;
			buildSettings = {
				ALWAYS_EMBED_SWIFT_STANDARD_LIBRARIES = YES;
				BUNDLE_LOADER = "$(TEST_HOST)";
				CODE_SIGN_STYLE = Automatic;
				CURRENT_PROJECT_VERSION = 1;
				DEVELOPMENT_TEAM = 2UGBQYC9Y9;
				GENERATE_INFOPLIST_FILE = YES;
				IPHONEOS_DEPLOYMENT_TARGET = 17.5;
				MARKETING_VERSION = 1.0;
				PRODUCT_BUNDLE_IDENTIFIER = kl.MoviesTests;
				PRODUCT_NAME = "$(TARGET_NAME)";
				SWIFT_EMIT_LOC_STRINGS = NO;
				SWIFT_VERSION = 5.0;
				TARGETED_DEVICE_FAMILY = "1,2";
				TEST_HOST = "$(BUILT_PRODUCTS_DIR)/Movies.app/$(BUNDLE_EXECUTABLE_FOLDER_PATH)/Movies";
			};
			name = Release;
		};
		6B8E5BA72C8EBE2100DAD9DD /* Debug */ = {
			isa = XCBuildConfiguration;
			buildSettings = {
				ALWAYS_EMBED_SWIFT_STANDARD_LIBRARIES = YES;
				CODE_SIGN_STYLE = Automatic;
				CURRENT_PROJECT_VERSION = 1;
				DEVELOPMENT_TEAM = 2UGBQYC9Y9;
				GENERATE_INFOPLIST_FILE = YES;
				MARKETING_VERSION = 1.0;
				PRODUCT_BUNDLE_IDENTIFIER = kl.MoviesUITests;
				PRODUCT_NAME = "$(TARGET_NAME)";
				SWIFT_EMIT_LOC_STRINGS = NO;
				SWIFT_VERSION = 5.0;
				TARGETED_DEVICE_FAMILY = "1,2";
				TEST_TARGET_NAME = Movies;
			};
			name = Debug;
		};
		6B8E5BA82C8EBE2100DAD9DD /* Release */ = {
			isa = XCBuildConfiguration;
			buildSettings = {
				ALWAYS_EMBED_SWIFT_STANDARD_LIBRARIES = YES;
				CODE_SIGN_STYLE = Automatic;
				CURRENT_PROJECT_VERSION = 1;
				DEVELOPMENT_TEAM = 2UGBQYC9Y9;
				GENERATE_INFOPLIST_FILE = YES;
				MARKETING_VERSION = 1.0;
				PRODUCT_BUNDLE_IDENTIFIER = kl.MoviesUITests;
				PRODUCT_NAME = "$(TARGET_NAME)";
				SWIFT_EMIT_LOC_STRINGS = NO;
				SWIFT_VERSION = 5.0;
				TARGETED_DEVICE_FAMILY = "1,2";
				TEST_TARGET_NAME = Movies;
			};
			name = Release;
		};
/* End XCBuildConfiguration section */

/* Begin XCConfigurationList section */
		6B8E5B772C8EBE2000DAD9DD /* Build configuration list for PBXProject "Movies" */ = {
			isa = XCConfigurationList;
			buildConfigurations = (
				6B8E5B9E2C8EBE2100DAD9DD /* Debug */,
				6B8E5B9F2C8EBE2100DAD9DD /* Release */,
			);
			defaultConfigurationIsVisible = 0;
			defaultConfigurationName = Release;
		};
		6B8E5BA02C8EBE2100DAD9DD /* Build configuration list for PBXNativeTarget "Movies" */ = {
			isa = XCConfigurationList;
			buildConfigurations = (
				6B8E5BA12C8EBE2100DAD9DD /* Debug */,
				6B8E5BA22C8EBE2100DAD9DD /* Release */,
			);
			defaultConfigurationIsVisible = 0;
			defaultConfigurationName = Release;
		};
		6B8E5BA32C8EBE2100DAD9DD /* Build configuration list for PBXNativeTarget "MoviesTests" */ = {
			isa = XCConfigurationList;
			buildConfigurations = (
				6B8E5BA42C8EBE2100DAD9DD /* Debug */,
				6B8E5BA52C8EBE2100DAD9DD /* Release */,
			);
			defaultConfigurationIsVisible = 0;
			defaultConfigurationName = Release;
		};
		6B8E5BA62C8EBE2100DAD9DD /* Build configuration list for PBXNativeTarget "MoviesUITests" */ = {
			isa = XCConfigurationList;
			buildConfigurations = (
				6B8E5BA72C8EBE2100DAD9DD /* Debug */,
				6B8E5BA82C8EBE2100DAD9DD /* Release */,
			);
			defaultConfigurationIsVisible = 0;
			defaultConfigurationName = Release;
		};
/* End XCConfigurationList section */
	};
	rootObject = 6B8E5B742C8EBE2000DAD9DD /* Project object */;
}
